PODS:
  - IQKeyboardManagerSwift (6.5.6)
  - RxCocoa (6.1.0):
    - RxRelay (= 6.1.0)
    - RxSwift (= 6.1.0)
  - RxRelay (6.1.0):
    - RxSwift (= 6.1.0)
  - RxSwift (6.1.0)
  - SnapKit (5.0.1)
  - SwiftyJSON (5.0.1)
  - Swinject (2.7.1)
  - YandexMapsMobile (4.0.0-full)

DEPENDENCIES:
  - IQKeyboardManagerSwift
  - RxCocoa
  - RxSwift
  - SnapKit
  - SwiftyJSON
  - Swinject
  - YandexMapsMobile (= 4.0.0-full)

SPEC REPOS:
  trunk:
    - IQKeyboardManagerSwift
    - RxCocoa
    - RxRelay
    - RxSwift
    - SnapKit
    - SwiftyJSON
    - Swinject
    - YandexMapsMobile

SPEC CHECKSUMS:
  IQKeyboardManagerSwift: c7df9d2deb356c04522f5c4b7b6e4ce4d8ed94fe
  RxCocoa: 5c51f02d562cbd94629f6c26cf0c80fe4ab8d343
  RxRelay: 483e1a19fad961b41f0b0c0bee506f46c1ae14fe
  RxSwift: a834e5c538e89eca0cae86f403f4fbf0336786ce
  SnapKit: 97b92857e3df3a0c71833cce143274bf6ef8e5eb
  SwiftyJSON: 2f33a42c6fbc52764d96f13368585094bfd8aa5e
  Swinject: ddf78b8486dd9b71a667b852cad919ab4484478e
  YandexMapsMobile: 0f3d8c92fad685dc33d07f83eed4eb0166089743

PODFILE CHECKSUM: 04b6f46ebf3600869e125f0874eb4373799b98b4

COCOAPODS: 1.10.0
