PODS:
  - RxCocoa (6.1.0):
    - RxRelay (= 6.1.0)
    - RxSwift (= 6.1.0)
  - RxRelay (6.1.0):
    - RxSwift (= 6.1.0)
  - RxSwift (6.1.0)
  - SnapKit (5.0.1)
  - SwiftyJSON (5.0.0)
  - Swinject (2.7.1)
  - YandexMapsMobile (4.0.0-full)

DEPENDENCIES:
  - RxCocoa
  - RxSwift
  - SnapKit
  - SwiftyJSON
  - Swinject
  - YandexMapsMobile (= 4.0.0-full)

SPEC REPOS:
  trunk:
    - RxCocoa
    - RxRelay
    - RxSwift
    - SnapKit
    - SwiftyJSON
    - Swinject
    - YandexMapsMobile

SPEC CHECKSUMS:
  RxCocoa: 5c51f02d562cbd94629f6c26cf0c80fe4ab8d343
  RxRelay: 483e1a19fad961b41f0b0c0bee506f46c1ae14fe
  RxSwift: a834e5c538e89eca0cae86f403f4fbf0336786ce
  SnapKit: 97b92857e3df3a0c71833cce143274bf6ef8e5eb
  SwiftyJSON: 36413e04c44ee145039d332b4f4e2d3e8d6c4db7
  Swinject: ddf78b8486dd9b71a667b852cad919ab4484478e
  YandexMapsMobile: 0f3d8c92fad685dc33d07f83eed4eb0166089743

PODFILE CHECKSUM: 4ccf1e540e328ccd283341042003781032343ce0

COCOAPODS: 1.10.0
